
Microsoft Visual Studio Solution File, Format Version 12.00
# Visual Studio Version 17
VisualStudioVersion = 17.3.32819.101
MinimumVisualStudioVersion = 10.0.40219.1
Project("{FAE04EC0-301F-11D3-BF4B-00C04F79EFBC}") = "CrazyThreadingPizza", "CrazyThreadingPizza\CrazyThreadingPizza.csproj", "{C65198C0-BC07-4EDD-80C5-49605D2B926A}"
EndProject
Global
	GlobalSection(SolutionConfigurationPlatforms) = preSolution
		Debug|Any CPU = Debug|Any CPU
		Release|Any CPU = Release|Any CPU
	EndGlobalSection
	GlobalSection(ProjectConfigurationPlatforms) = postSolution
		{C65198C0-BC07-4EDD-80C5-49605D2B926A}.Debug|Any CPU.ActiveCfg = Debug|Any CPU
		{C65198C0-BC07-4EDD-80C5-49605D2B926A}.Debug|Any CPU.Build.0 = Debug|Any CPU
		{C65198C0-BC07-4EDD-80C5-49605D2B926A}.Release|Any CPU.ActiveCfg = Release|Any CPU
		{C65198C0-BC07-4EDD-80C5-49605D2B926A}.Release|Any CPU.Build.0 = Release|Any CPU
	EndGlobalSection
	GlobalSection(SolutionProperties) = preSolution
		HideSolutionNode = FALSE
	EndGlobalSection
	GlobalSection(ExtensibilityGlobals) = postSolution
		SolutionGuid = {A79D7018-B73B-4331-B5D5-FE5686D636B8}
	EndGlobalSection
EndGlobal
